
Microsoft Visual Studio Solution File, Format Version 12.00
# Visual Studio Version 17
VisualStudioVersion = 17.8.34316.72
MinimumVisualStudioVersion = 10.0.40219.1
Project("{9A19103F-16F7-4668-BE54-9A1E7A4F7556}") = "HamsterApi.Api", "HamsterApi.Api\HamsterApi.Api.csproj", "{E75060F5-4147-4FA3-8736-A9D10F135F2B}"
EndProject
Project("{9A19103F-16F7-4668-BE54-9A1E7A4F7556}") = "HamsterApi.Core", "HamsterApi.Core\HamsterApi.Core.csproj", "{E757C3F9-0D20-4A55-9270-39B00A91BCB2}"
EndProject
Project("{9A19103F-16F7-4668-BE54-9A1E7A4F7556}") = "HamsterApi.DataAccess", "HamsterApi.DataAccess\HamsterApi.DataAccess.csproj", "{92002B9E-C2FB-49EF-AD5B-846BB190A2B4}"
EndProject
Project("{9A19103F-16F7-4668-BE54-9A1E7A4F7556}") = "HamsterApi.Application", "HamsterApi.Application\HamsterApi.Application.csproj", "{21AF69F0-3565-4C12-AA62-750B3710A900}"
EndProject
Project("{9A19103F-16F7-4668-BE54-9A1E7A4F7556}") = "HamsterApi.Infrastructure", "HamsterApi.Infrastructure\HamsterApi.Infrastructure.csproj", "{E750F355-87D4-47F7-802B-ED10898A1F64}"
EndProject
Global
	GlobalSection(SolutionConfigurationPlatforms) = preSolution
		Debug|Any CPU = Debug|Any CPU
		Release|Any CPU = Release|Any CPU
	EndGlobalSection
	GlobalSection(ProjectConfigurationPlatforms) = postSolution
		{E75060F5-4147-4FA3-8736-A9D10F135F2B}.Debug|Any CPU.ActiveCfg = Debug|Any CPU
		{E75060F5-4147-4FA3-8736-A9D10F135F2B}.Debug|Any CPU.Build.0 = Debug|Any CPU
		{E75060F5-4147-4FA3-8736-A9D10F135F2B}.Release|Any CPU.ActiveCfg = Release|Any CPU
		{E75060F5-4147-4FA3-8736-A9D10F135F2B}.Release|Any CPU.Build.0 = Release|Any CPU
		{E757C3F9-0D20-4A55-9270-39B00A91BCB2}.Debug|Any CPU.ActiveCfg = Debug|Any CPU
		{E757C3F9-0D20-4A55-9270-39B00A91BCB2}.Debug|Any CPU.Build.0 = Debug|Any CPU
		{E757C3F9-0D20-4A55-9270-39B00A91BCB2}.Release|Any CPU.ActiveCfg = Release|Any CPU
		{E757C3F9-0D20-4A55-9270-39B00A91BCB2}.Release|Any CPU.Build.0 = Release|Any CPU
		{92002B9E-C2FB-49EF-AD5B-846BB190A2B4}.Debug|Any CPU.ActiveCfg = Debug|Any CPU
		{92002B9E-C2FB-49EF-AD5B-846BB190A2B4}.Debug|Any CPU.Build.0 = Debug|Any CPU
		{92002B9E-C2FB-49EF-AD5B-846BB190A2B4}.Release|Any CPU.ActiveCfg = Release|Any CPU
		{92002B9E-C2FB-49EF-AD5B-846BB190A2B4}.Release|Any CPU.Build.0 = Release|Any CPU
		{21AF69F0-3565-4C12-AA62-750B3710A900}.Debug|Any CPU.ActiveCfg = Debug|Any CPU
		{21AF69F0-3565-4C12-AA62-750B3710A900}.Debug|Any CPU.Build.0 = Debug|Any CPU
		{21AF69F0-3565-4C12-AA62-750B3710A900}.Release|Any CPU.ActiveCfg = Release|Any CPU
		{21AF69F0-3565-4C12-AA62-750B3710A900}.Release|Any CPU.Build.0 = Release|Any CPU
		{E750F355-87D4-47F7-802B-ED10898A1F64}.Debug|Any CPU.ActiveCfg = Debug|Any CPU
		{E750F355-87D4-47F7-802B-ED10898A1F64}.Debug|Any CPU.Build.0 = Debug|Any CPU
		{E750F355-87D4-47F7-802B-ED10898A1F64}.Release|Any CPU.ActiveCfg = Release|Any CPU
		{E750F355-87D4-47F7-802B-ED10898A1F64}.Release|Any CPU.Build.0 = Release|Any CPU
	EndGlobalSection
	GlobalSection(SolutionProperties) = preSolution
		HideSolutionNode = FALSE
	EndGlobalSection
	GlobalSection(ExtensibilityGlobals) = postSolution
		SolutionGuid = {E51CAA9D-2F61-4655-BC3F-E950FFE201C0}
	EndGlobalSection
EndGlobal
